
Microsoft Visual Studio Solution File, Format Version 12.00
# Visual Studio Version 16
VisualStudioVersion = 16.0.29306.81
MinimumVisualStudioVersion = 10.0.40219.1
Project("{FAE04EC0-301F-11D3-BF4B-00C04F79EFBC}") = "Homework-3-F19-Math-Expressions", "Homework-3-F19-Math-Expressions\Homework-3-F19-Math-Expressions.csproj", "{8AA73305-66A5-485D-A3CA-F1B08E64CC8F}"
EndProject
Project("{FAE04EC0-301F-11D3-BF4B-00C04F79EFBC}") = "Homework-3-F19-Math-Expressions.Tests", "Homework-3-F19-Math-Expressions.Tests\Homework-3-F19-Math-Expressions.Tests.csproj", "{5C0797D8-0640-4F67-9CDB-29887E267FA2}"
EndProject
Global
	GlobalSection(SolutionConfigurationPlatforms) = preSolution
		Debug|Any CPU = Debug|Any CPU
		Release|Any CPU = Release|Any CPU
	EndGlobalSection
	GlobalSection(ProjectConfigurationPlatforms) = postSolution
		{8AA73305-66A5-485D-A3CA-F1B08E64CC8F}.Debug|Any CPU.ActiveCfg = Debug|Any CPU
		{8AA73305-66A5-485D-A3CA-F1B08E64CC8F}.Debug|Any CPU.Build.0 = Debug|Any CPU
		{8AA73305-66A5-485D-A3CA-F1B08E64CC8F}.Release|Any CPU.ActiveCfg = Release|Any CPU
		{8AA73305-66A5-485D-A3CA-F1B08E64CC8F}.Release|Any CPU.Build.0 = Release|Any CPU
		{5C0797D8-0640-4F67-9CDB-29887E267FA2}.Debug|Any CPU.ActiveCfg = Debug|Any CPU
		{5C0797D8-0640-4F67-9CDB-29887E267FA2}.Debug|Any CPU.Build.0 = Debug|Any CPU
		{5C0797D8-0640-4F67-9CDB-29887E267FA2}.Release|Any CPU.ActiveCfg = Release|Any CPU
		{5C0797D8-0640-4F67-9CDB-29887E267FA2}.Release|Any CPU.Build.0 = Release|Any CPU
	EndGlobalSection
	GlobalSection(SolutionProperties) = preSolution
		HideSolutionNode = FALSE
	EndGlobalSection
	GlobalSection(ExtensibilityGlobals) = postSolution
		SolutionGuid = {E10044B8-D237-411E-B3FC-512A0C3478F9}
	EndGlobalSection
EndGlobal
